<?xml version="1.0" encoding="utf-8"?>
<Project ToolsVersion="4.0" xmlns="http://schemas.microsoft.com/developer/msbuild/2003">
  <ItemGroup>
    <Filter Include="Source Files">
      <UniqueIdentifier>{4FC737F1-C7A5-4376-A066-2A32D752A2FF}</UniqueIdentifier>
      <Extensions>cpp;c;cc;cxx;def;odl;idl;hpj;bat;asm;asmx</Extensions>
    </Filter>
    <Filter Include="Header Files">
      <UniqueIdentifier>{93995380-89BD-4b04-88EB-625FBE52EBFB}</UniqueIdentifier>
      <Extensions>h;hh;hpp;hxx;hm;inl;inc;xsd</Extensions>
    </Filter>
    <Filter Include="Resource Files">
      <UniqueIdentifier>{67DA6AB6-F800-4c08-8B7A-83BB121AAD01}</UniqueIdentifier>
      <Extensions>rc;ico;cur;bmp;dlg;rc2;rct;bin;rgs;gif;jpg;jpeg;jpe;resx;tiff;tif;png;wav;mfcribbon-ms</Extensions>
    </Filter>
    <Filter Include="shaders">
      <UniqueIdentifier>{fcd8fd43-5976-41d6-a63e-9e6444a8f98e}</UniqueIdentifier>
    </Filter>
    <Filter Include="assets">
      <UniqueIdentifier>{27983adc-8767-46b6-845b-7b92c8b68b97}</UniqueIdentifier>
    </Filter>
  </ItemGroup>
  <ItemGroup>
    <None Include="packages.config" />
    <None Include="SimpleVertexShader.vertexshader">
      <Filter>shaders</Filter>
    </None>
    <None Include="SimpleFragmentShader.fragmentshader">
      <Filter>shaders</Filter>
    </None>
    <None Include="assets\Snowflake.FBX">
      <Filter>assets</Filter>
    </None>
    <None Include="assets\Snowflake.mtl">
      <Filter>assets</Filter>
    </None>
    <None Include="TexturedFragShader.fragmentshader">
      <Filter>shaders</Filter>
    </None>
    <None Include="TexturedVertShader.vertexshader">
      <Filter>shaders</Filter>
    </None>
    <None Include="InstancedVertShader.vertexshader">
      <Filter>shaders</Filter>
    </None>
    <None Include="InstancedFragShader.fragmentshader">
      <Filter>shaders</Filter>
    </None>
    <None Include="HeightFragmentShader.fragmentshader">
      <Filter>shaders</Filter>
    </None>
    <None Include="HeightVertexShader.vertexshader">
      <Filter>shaders</Filter>
    </None>
  </ItemGroup>
  <ItemGroup>
    <ClCompile Include="main.cpp">
      <Filter>Source Files</Filter>
    </ClCompile>
    <ClCompile Include="GroundPlane.cpp">
      <Filter>Source Files</Filter>
    </ClCompile>
    <ClCompile Include="Accumulation.cpp">
      <Filter>Source Files</Filter>
    </ClCompile>
    <ClCompile Include="Model.cpp">
      <Filter>Source Files</Filter>
    </ClCompile>
    <ClCompile Include="Mesh.cpp">
      <Filter>Source Files</Filter>
    </ClCompile>
    <ClCompile Include="Deformation.cpp">
      <Filter>Source Files</Filter>
    </ClCompile>
  </ItemGroup>
  <ItemGroup>
    <ClInclude Include="Controls.h">
      <Filter>Header Files</Filter>
    </ClInclude>
    <ClInclude Include="GroundPlane.h">
      <Filter>Header Files</Filter>
    </ClInclude>
    <ClInclude Include="Accumulation.h">
      <Filter>Header Files</Filter>
    </ClInclude>
    <ClInclude Include="Model.h">
      <Filter>Header Files</Filter>
    </ClInclude>
    <ClInclude Include="Mesh.h">
      <Filter>Header Files</Filter>
    </ClInclude>
    <ClInclude Include="Shader.h">
      <Filter>Header Files</Filter>
    </ClInclude>
    <ClInclude Include="Deformation.h">
      <Filter>Header Files</Filter>
    </ClInclude>
  </ItemGroup>
  <ItemGroup>
    <Object Include="assets\Snowflake.obj">
      <Filter>assets</Filter>
    </Object>
  </ItemGroup>
</Project>